
Microsoft Visual Studio Solution File, Format Version 12.00
# Visual Studio 14
VisualStudioVersion = 14.0.25420.1
MinimumVisualStudioVersion = 10.0.40219.1
Project("{FAE04EC0-301F-11D3-BF4B-00C04F79EFBC}") = "01_cardNumber", "2017_05_27\01_cardNumber.csproj", "{8CB2B4D2-ABF9-4D5D-B78B-4BD4805216FA}"
EndProject
Project("{FAE04EC0-301F-11D3-BF4B-00C04F79EFBC}") = "02. Rectangle Area", "02. Rectangle Area\02. Rectangle Area.csproj", "{92B95E6D-3DA1-4BF7-96B1-B6DE41EC4128}"
EndProject
Project("{FAE04EC0-301F-11D3-BF4B-00C04F79EFBC}") = "03. Miles to Kilometers", "03. Miles to Kilometers\03. Miles to Kilometers.csproj", "{E225E3A0-CF1F-4F26-A81C-0F8C3E37CEB3}"
EndProject
Project("{FAE04EC0-301F-11D3-BF4B-00C04F79EFBC}") = "04.Beverage Labels", "04.Beverage Labels\04.Beverage Labels.csproj", "{31C78F4E-3CA9-40FE-AC7E-8F956B6A9F4B}"
EndProject
Project("{FAE04EC0-301F-11D3-BF4B-00C04F79EFBC}") = "05.Character Stats", "05.Character Stats\05.Character Stats.csproj", "{D411D247-E08D-4C56-8EA2-2C97034ECE52}"
EndProject
Global
	GlobalSection(SolutionConfigurationPlatforms) = preSolution
		Debug|Any CPU = Debug|Any CPU
		Release|Any CPU = Release|Any CPU
	EndGlobalSection
	GlobalSection(ProjectConfigurationPlatforms) = postSolution
		{8CB2B4D2-ABF9-4D5D-B78B-4BD4805216FA}.Debug|Any CPU.ActiveCfg = Debug|Any CPU
		{8CB2B4D2-ABF9-4D5D-B78B-4BD4805216FA}.Debug|Any CPU.Build.0 = Debug|Any CPU
		{8CB2B4D2-ABF9-4D5D-B78B-4BD4805216FA}.Release|Any CPU.ActiveCfg = Release|Any CPU
		{8CB2B4D2-ABF9-4D5D-B78B-4BD4805216FA}.Release|Any CPU.Build.0 = Release|Any CPU
		{92B95E6D-3DA1-4BF7-96B1-B6DE41EC4128}.Debug|Any CPU.ActiveCfg = Debug|Any CPU
		{92B95E6D-3DA1-4BF7-96B1-B6DE41EC4128}.Debug|Any CPU.Build.0 = Debug|Any CPU
		{92B95E6D-3DA1-4BF7-96B1-B6DE41EC4128}.Release|Any CPU.ActiveCfg = Release|Any CPU
		{92B95E6D-3DA1-4BF7-96B1-B6DE41EC4128}.Release|Any CPU.Build.0 = Release|Any CPU
		{E225E3A0-CF1F-4F26-A81C-0F8C3E37CEB3}.Debug|Any CPU.ActiveCfg = Debug|Any CPU
		{E225E3A0-CF1F-4F26-A81C-0F8C3E37CEB3}.Debug|Any CPU.Build.0 = Debug|Any CPU
		{E225E3A0-CF1F-4F26-A81C-0F8C3E37CEB3}.Release|Any CPU.ActiveCfg = Release|Any CPU
		{E225E3A0-CF1F-4F26-A81C-0F8C3E37CEB3}.Release|Any CPU.Build.0 = Release|Any CPU
		{31C78F4E-3CA9-40FE-AC7E-8F956B6A9F4B}.Debug|Any CPU.ActiveCfg = Debug|Any CPU
		{31C78F4E-3CA9-40FE-AC7E-8F956B6A9F4B}.Debug|Any CPU.Build.0 = Debug|Any CPU
		{31C78F4E-3CA9-40FE-AC7E-8F956B6A9F4B}.Release|Any CPU.ActiveCfg = Release|Any CPU
		{31C78F4E-3CA9-40FE-AC7E-8F956B6A9F4B}.Release|Any CPU.Build.0 = Release|Any CPU
		{D411D247-E08D-4C56-8EA2-2C97034ECE52}.Debug|Any CPU.ActiveCfg = Debug|Any CPU
		{D411D247-E08D-4C56-8EA2-2C97034ECE52}.Debug|Any CPU.Build.0 = Debug|Any CPU
		{D411D247-E08D-4C56-8EA2-2C97034ECE52}.Release|Any CPU.ActiveCfg = Release|Any CPU
		{D411D247-E08D-4C56-8EA2-2C97034ECE52}.Release|Any CPU.Build.0 = Release|Any CPU
	EndGlobalSection
	GlobalSection(SolutionProperties) = preSolution
		HideSolutionNode = FALSE
	EndGlobalSection
EndGlobal
