
Microsoft Visual Studio Solution File, Format Version 12.00
# Visual Studio 15
VisualStudioVersion = 15.0.26430.13
MinimumVisualStudioVersion = 10.0.40219.1
Project("{FAE04EC0-301F-11D3-BF4B-00C04F79EFBC}") = "01.Time Since Birthday", "2017_06_04\01.Time Since Birthday.csproj", "{567B44B2-0EB0-4CCC-BAA5-B9526E5B7932}"
EndProject
Project("{FAE04EC0-301F-11D3-BF4B-00C04F79EFBC}") = "02.Circle Perimeter", "02.Circle Perimeter\02.Circle Perimeter.csproj", "{10CB20C9-04F3-4554-8C50-4E55AA72C7BB}"
EndProject
Project("{FAE04EC0-301F-11D3-BF4B-00C04F79EFBC}") = "03.Exact Product of Real Numbers", "03.Exact Product of Real Numbers\03.Exact Product of Real Numbers.csproj", "{3FFAB9FA-DF34-4497-BBB3-875F4AFE4AC6}"
EndProject
Project("{FAE04EC0-301F-11D3-BF4B-00C04F79EFBC}") = "04.Transport", "04.Transport\04.Transport.csproj", "{D0DBAAE5-4001-4CA2-B3BA-CBDC0C30AF57}"
EndProject
Project("{FAE04EC0-301F-11D3-BF4B-00C04F79EFBC}") = "05.Special Numbers", "05.Special Numbers\05.Special Numbers.csproj", "{A033B2B4-0633-4DA4-9114-08608BC7C376}"
EndProject
Project("{FAE04EC0-301F-11D3-BF4B-00C04F79EFBC}") = "06.Triples of Latin Letters", "06.Triples of Latin Letters\06.Triples of Latin Letters.csproj", "{0F71E7BA-DCBA-49F9-AD40-BB3FCEC79ECE}"
EndProject
Project("{FAE04EC0-301F-11D3-BF4B-00C04F79EFBC}") = "07.Greeting", "07.Greeting\07.Greeting.csproj", "{1187BD7B-FD0D-4326-A931-A8C25B7FAFEE}"
EndProject
Global
	GlobalSection(SolutionConfigurationPlatforms) = preSolution
		Debug|Any CPU = Debug|Any CPU
		Release|Any CPU = Release|Any CPU
	EndGlobalSection
	GlobalSection(ProjectConfigurationPlatforms) = postSolution
		{567B44B2-0EB0-4CCC-BAA5-B9526E5B7932}.Debug|Any CPU.ActiveCfg = Debug|Any CPU
		{567B44B2-0EB0-4CCC-BAA5-B9526E5B7932}.Debug|Any CPU.Build.0 = Debug|Any CPU
		{567B44B2-0EB0-4CCC-BAA5-B9526E5B7932}.Release|Any CPU.ActiveCfg = Release|Any CPU
		{567B44B2-0EB0-4CCC-BAA5-B9526E5B7932}.Release|Any CPU.Build.0 = Release|Any CPU
		{10CB20C9-04F3-4554-8C50-4E55AA72C7BB}.Debug|Any CPU.ActiveCfg = Debug|Any CPU
		{10CB20C9-04F3-4554-8C50-4E55AA72C7BB}.Debug|Any CPU.Build.0 = Debug|Any CPU
		{10CB20C9-04F3-4554-8C50-4E55AA72C7BB}.Release|Any CPU.ActiveCfg = Release|Any CPU
		{10CB20C9-04F3-4554-8C50-4E55AA72C7BB}.Release|Any CPU.Build.0 = Release|Any CPU
		{3FFAB9FA-DF34-4497-BBB3-875F4AFE4AC6}.Debug|Any CPU.ActiveCfg = Debug|Any CPU
		{3FFAB9FA-DF34-4497-BBB3-875F4AFE4AC6}.Debug|Any CPU.Build.0 = Debug|Any CPU
		{3FFAB9FA-DF34-4497-BBB3-875F4AFE4AC6}.Release|Any CPU.ActiveCfg = Release|Any CPU
		{3FFAB9FA-DF34-4497-BBB3-875F4AFE4AC6}.Release|Any CPU.Build.0 = Release|Any CPU
		{D0DBAAE5-4001-4CA2-B3BA-CBDC0C30AF57}.Debug|Any CPU.ActiveCfg = Debug|Any CPU
		{D0DBAAE5-4001-4CA2-B3BA-CBDC0C30AF57}.Debug|Any CPU.Build.0 = Debug|Any CPU
		{D0DBAAE5-4001-4CA2-B3BA-CBDC0C30AF57}.Release|Any CPU.ActiveCfg = Release|Any CPU
		{D0DBAAE5-4001-4CA2-B3BA-CBDC0C30AF57}.Release|Any CPU.Build.0 = Release|Any CPU
		{A033B2B4-0633-4DA4-9114-08608BC7C376}.Debug|Any CPU.ActiveCfg = Debug|Any CPU
		{A033B2B4-0633-4DA4-9114-08608BC7C376}.Debug|Any CPU.Build.0 = Debug|Any CPU
		{A033B2B4-0633-4DA4-9114-08608BC7C376}.Release|Any CPU.ActiveCfg = Release|Any CPU
		{A033B2B4-0633-4DA4-9114-08608BC7C376}.Release|Any CPU.Build.0 = Release|Any CPU
		{0F71E7BA-DCBA-49F9-AD40-BB3FCEC79ECE}.Debug|Any CPU.ActiveCfg = Debug|Any CPU
		{0F71E7BA-DCBA-49F9-AD40-BB3FCEC79ECE}.Debug|Any CPU.Build.0 = Debug|Any CPU
		{0F71E7BA-DCBA-49F9-AD40-BB3FCEC79ECE}.Release|Any CPU.ActiveCfg = Release|Any CPU
		{0F71E7BA-DCBA-49F9-AD40-BB3FCEC79ECE}.Release|Any CPU.Build.0 = Release|Any CPU
		{1187BD7B-FD0D-4326-A931-A8C25B7FAFEE}.Debug|Any CPU.ActiveCfg = Debug|Any CPU
		{1187BD7B-FD0D-4326-A931-A8C25B7FAFEE}.Debug|Any CPU.Build.0 = Debug|Any CPU
		{1187BD7B-FD0D-4326-A931-A8C25B7FAFEE}.Release|Any CPU.ActiveCfg = Release|Any CPU
		{1187BD7B-FD0D-4326-A931-A8C25B7FAFEE}.Release|Any CPU.Build.0 = Release|Any CPU
	EndGlobalSection
	GlobalSection(SolutionProperties) = preSolution
		HideSolutionNode = FALSE
	EndGlobalSection
EndGlobal
